
Microsoft Visual Studio Solution File, Format Version 12.00
# Visual Studio 2013
VisualStudioVersion = 12.0.21005.1
MinimumVisualStudioVersion = 10.0.40219.1
Project("{8BC9CEB8-8B4A-11D0-8D11-00A0C91BC942}") = "step1", "step1.vcxproj", "{034F3961-FD20-4F89-9148-E6B39D2B5FCD}"
EndProject
Global
	GlobalSection(SolutionConfigurationPlatforms) = preSolution
		Debug|Win32 = Debug|Win32
		Release|Win32 = Release|Win32
	EndGlobalSection
	GlobalSection(ProjectConfigurationPlatforms) = postSolution
		{034F3961-FD20-4F89-9148-E6B39D2B5FCD}.Debug|Win32.ActiveCfg = Debug|Win32
		{034F3961-FD20-4F89-9148-E6B39D2B5FCD}.Debug|Win32.Build.0 = Debug|Win32
		{034F3961-FD20-4F89-9148-E6B39D2B5FCD}.Release|Win32.ActiveCfg = Release|Win32
		{034F3961-FD20-4F89-9148-E6B39D2B5FCD}.Release|Win32.Build.0 = Release|Win32
	EndGlobalSection
	GlobalSection(SolutionProperties) = preSolution
		HideSolutionNode = FALSE
	EndGlobalSection
EndGlobal
