Microsoft Visual Studio Solution File, Format Version 12.00
# Visual Studio 15
Project("{C6315680-1D6B-11E8-BAD0-7863772C9500}") = "ivfstudio", "ivfstudio.vcxproj", "{C6309A92-1D6B-11E8-BAD0-7863772C9500}"
EndProject
Project("{C650FCEC-1D6B-11E8-BAD0-7863772C9500}") = "ivstudio", "ivstudio.vcxproj", "{C6309A92-1D6B-11E8-BAD0-7863772C9500}"
EndProject
Project("{C6735F80-1D6B-11E8-BAD0-7863772C9500}") = "jsstudio", "jsstudio.vcxproj", "{C6309A92-1D6B-11E8-BAD0-7863772C9500}"
EndProject
Project("{C698FA60-1D6B-11E8-BAD0-7863772C9500}") = "prstudio", "prstudio.vcxproj", "{C6309A92-1D6B-11E8-BAD0-7863772C9500}"
EndProject
Project("{C6C522B6-1D6B-11E8-BAD0-7863772C9500}") = "chstudio", "chstudio.vcxproj", "{C6309A92-1D6B-11E8-BAD0-7863772C9500}"
EndProject
Global
EndGlobal
