Microsoft Visual Studio Solution File, Format Version 11.00

Project("DB0000CA-1D61-11E8-866E-3591772C9500") = "magnify", "magnify.vcxproj", "DAFFBA48-1D61-11E8-866E-3591772C9500"
EndProject

Project("DB0A7A5A-1D61-11E8-866E-3591772C9500") = "scalemgr", "scalemgr.vcxproj", "DAFFBA48-1D61-11E8-866E-3591772C9500"
EndProject

Global
EndGlobal

