Microsoft Visual Studio Solution File, Format Version 12.00
# Visual Studio 14
Project("{2FA87338-1D61-11E8-9326-21D9772C9500}") = "displace", "displace.vcxproj", "{2FA8220C-1D61-11E8-9326-21D9772C9500}"
EndProject
Project("{2FB257A4-1D61-11E8-9326-21D9772C9500}") = "bmpfilters", "bmpfilters.vcxproj", "{2FA8220C-1D61-11E8-9326-21D9772C9500}"
EndProject
Global
EndGlobal
