Microsoft Visual Studio Solution File, Format Version 12.00

Project("32C1F70E-1D63-11E8-8E12-F080772C9500") = "magnify", "magnify.vcxproj", "32C1AFC4-1D63-11E8-8E12-F080772C9500"
EndProject

Project("32CCAFE6-1D63-11E8-8E12-F080772C9500") = "scalemgr", "scalemgr.vcxproj", "32C1AFC4-1D63-11E8-8E12-F080772C9500"
EndProject

Global
EndGlobal

