Microsoft Visual Studio Solution File, Format Version 11.00

Project("DA9FA8EC-1D61-11E8-866E-3591772C9500") = "changelang", "changelang.vcxproj", "DA9F6814-1D61-11E8-866E-3591772C9500"
EndProject

Project("DAA80870-1D61-11E8-866E-3591772C9500") = "controlinput", "controlinput.vcxproj", "DA9F6814-1D61-11E8-866E-3591772C9500"
EndProject

Global
EndGlobal

