Microsoft Visual Studio Solution File, Format Version 12.00
# Visual Studio 14
Project("{29A89E22-1D61-11E8-9326-21D9772C9500}") = "ilvread", "ilvread.vcxproj", "{29A85A16-1D61-11E8-9326-21D9772C9500}"
EndProject
Project("{29B2359A-1D61-11E8-9326-21D9772C9500}") = "inter", "inter.vcxproj", "{29A85A16-1D61-11E8-9326-21D9772C9500}"
EndProject
Project("{29B8F0A6-1D61-11E8-9326-21D9772C9500}") = "hull", "hull.vcxproj", "{29A85A16-1D61-11E8-9326-21D9772C9500}"
EndProject
Global
EndGlobal
