Microsoft Visual Studio Solution File, Format Version 12.00

Project("2D57E2F6-1D63-11E8-8E12-F080772C9500") = "readbm", "readbm.vcxproj", "2D57A020-1D63-11E8-8E12-F080772C9500"
EndProject

Project("2D5EF8DE-1D63-11E8-8E12-F080772C9500") = "bitmaps", "bitmaps.vcxproj", "2D57A020-1D63-11E8-8E12-F080772C9500"
EndProject

Global
EndGlobal

