
Microsoft Visual Studio Solution File, Format Version 12.00
# Visual Studio 2012
Project("{8BC9CEB8-8B4A-11D0-8D11-00A0C91BC942}") = "DemoATL", "DemoATL.vcxproj", "{A69908B0-CA11-4419-9DD2-CB6B72A6311C}"
EndProject
Global
	GlobalSection(SolutionConfigurationPlatforms) = preSolution
		Debug|x64 = Debug|x64
		Release MinDependency|x64 = Release MinDependency|x64
		Release MinSize|x64 = Release MinSize|x64
	EndGlobalSection
	GlobalSection(ProjectConfigurationPlatforms) = postSolution
		{A69908B0-CA11-4419-9DD2-CB6B72A6311C}.Debug|x64.ActiveCfg = Debug|x64
		{A69908B0-CA11-4419-9DD2-CB6B72A6311C}.Debug|x64.Build.0 = Debug|x64
		{A69908B0-CA11-4419-9DD2-CB6B72A6311C}.Release MinDependency|x64.ActiveCfg = Release MinDependency|x64
		{A69908B0-CA11-4419-9DD2-CB6B72A6311C}.Release MinDependency|x64.Build.0 = Release MinDependency|x64
		{A69908B0-CA11-4419-9DD2-CB6B72A6311C}.Release MinSize|x64.ActiveCfg = Release MinSize|x64
		{A69908B0-CA11-4419-9DD2-CB6B72A6311C}.Release MinSize|x64.Build.0 = Release MinSize|x64
	EndGlobalSection
	GlobalSection(SolutionProperties) = preSolution
		HideSolutionNode = FALSE
	EndGlobalSection
EndGlobal
