Microsoft Visual Studio Solution File, Format Version 12.00
# Visual Studio 14
Project("{E821BA9E-1D63-11E8-96A2-F2B8772C9500}") = "ivfstudio", "ivfstudio.vcxproj", "{E8212660-1D63-11E8-96A2-F2B8772C9500}"
EndProject
Project("{E83ADB82-1D63-11E8-96A2-F2B8772C9500}") = "ivstudio", "ivstudio.vcxproj", "{E8212660-1D63-11E8-96A2-F2B8772C9500}"
EndProject
Project("{E8545A12-1D63-11E8-96A2-F2B8772C9500}") = "jsstudio", "jsstudio.vcxproj", "{E8212660-1D63-11E8-96A2-F2B8772C9500}"
EndProject
Project("{E8724A4A-1D63-11E8-96A2-F2B8772C9500}") = "prstudio", "prstudio.vcxproj", "{E8212660-1D63-11E8-96A2-F2B8772C9500}"
EndProject
Project("{E893648C-1D63-11E8-96A2-F2B8772C9500}") = "chstudio", "chstudio.vcxproj", "{E8212660-1D63-11E8-96A2-F2B8772C9500}"
EndProject
Global
EndGlobal
