Microsoft Visual Studio Solution File, Format Version 11.00

Project("7E3717E2-1D62-11E8-AB12-0BC9772C9500") = "gppanel", "gppanel.vcxproj", "7E36C580-1D62-11E8-AB12-0BC9772C9500"
EndProject

Project("7E44829C-1D62-11E8-AB12-0BC9772C9500") = "gpstudio", "gpstudio.vcxproj", "7E36C580-1D62-11E8-AB12-0BC9772C9500"
EndProject

Global
EndGlobal

