Microsoft Visual Studio Solution File, Format Version 11.00

Project("7FDDC2D0-1D62-11E8-AB12-0BC9772C9500") = "magnify", "magnify.vcxproj", "7FDD76B8-1D62-11E8-AB12-0BC9772C9500"
EndProject

Project("7FE7FBB0-1D62-11E8-AB12-0BC9772C9500") = "scalemgr", "scalemgr.vcxproj", "7FDD76B8-1D62-11E8-AB12-0BC9772C9500"
EndProject

Global
EndGlobal

